
Microsoft Visual Studio Solution File, Format Version 12.00
# Visual Studio Version 17
VisualStudioVersion = 17.5.33502.453
MinimumVisualStudioVersion = 10.0.40219.1
Project("{FAE04EC0-301F-11D3-BF4B-00C04F79EFBC}") = "Bloggie.Web", "Bloggie.Web\Bloggie.Web.csproj", "{49685A99-919F-476E-B742-FCC2C865EF62}"
EndProject
Global
	GlobalSection(SolutionConfigurationPlatforms) = preSolution
		Debug|Any CPU = Debug|Any CPU
		Release|Any CPU = Release|Any CPU
	EndGlobalSection
	GlobalSection(ProjectConfigurationPlatforms) = postSolution
		{49685A99-919F-476E-B742-FCC2C865EF62}.Debug|Any CPU.ActiveCfg = Debug|Any CPU
		{49685A99-919F-476E-B742-FCC2C865EF62}.Debug|Any CPU.Build.0 = Debug|Any CPU
		{49685A99-919F-476E-B742-FCC2C865EF62}.Release|Any CPU.ActiveCfg = Release|Any CPU
		{49685A99-919F-476E-B742-FCC2C865EF62}.Release|Any CPU.Build.0 = Release|Any CPU
	EndGlobalSection
	GlobalSection(SolutionProperties) = preSolution
		HideSolutionNode = FALSE
	EndGlobalSection
	GlobalSection(ExtensibilityGlobals) = postSolution
		SolutionGuid = {B6D855B6-0C46-4CEE-A534-800295E61CB6}
	EndGlobalSection
EndGlobal
